
Microsoft Visual Studio Solution File, Format Version 12.00
# Visual Studio 2015
Project("{FAE04EC0-301F-11D3-BF4B-00C04F79EFBC}") = "Tugas_IMK.CSharp", "Tugas_IMK.CSharp.csproj", "{01390A2B-7752-74F0-36C1-2396F8B1821A}"
EndProject
Global
	GlobalSection(SolutionConfigurationPlatforms) = preSolution
		Debug|Any CPU = Debug|Any CPU
		Release|Any CPU = Release|Any CPU
	EndGlobalSection
	GlobalSection(ProjectConfigurationPlatforms) = postSolution
		{01390A2B-7752-74F0-36C1-2396F8B1821A}.Debug|Any CPU.ActiveCfg = Debug|Any CPU
		{01390A2B-7752-74F0-36C1-2396F8B1821A}.Debug|Any CPU.Build.0 = Debug|Any CPU
		{01390A2B-7752-74F0-36C1-2396F8B1821A}.Release|Any CPU.ActiveCfg = Release|Any CPU
		{01390A2B-7752-74F0-36C1-2396F8B1821A}.Release|Any CPU.Build.0 = Release|Any CPU
	EndGlobalSection
	GlobalSection(SolutionProperties) = preSolution
		HideSolutionNode = FALSE
	EndGlobalSection
EndGlobal
